
Microsoft Visual Studio Solution File, Format Version 12.00
# Visual Studio 15
VisualStudioVersion = 15.0.28307.106
MinimumVisualStudioVersion = 10.0.40219.1
Project("{FAE04EC0-301F-11D3-BF4B-00C04F79EFBC}") = "FizzBuzz2", "DelagatesEvents\FizzBuzz2.csproj", "{30E5CDE7-AD97-4B51-9399-DAC12827525C}"
EndProject
Global
	GlobalSection(SolutionConfigurationPlatforms) = preSolution
		Debug|Any CPU = Debug|Any CPU
		Release|Any CPU = Release|Any CPU
	EndGlobalSection
	GlobalSection(ProjectConfigurationPlatforms) = postSolution
		{30E5CDE7-AD97-4B51-9399-DAC12827525C}.Debug|Any CPU.ActiveCfg = Debug|Any CPU
		{30E5CDE7-AD97-4B51-9399-DAC12827525C}.Debug|Any CPU.Build.0 = Debug|Any CPU
		{30E5CDE7-AD97-4B51-9399-DAC12827525C}.Release|Any CPU.ActiveCfg = Release|Any CPU
		{30E5CDE7-AD97-4B51-9399-DAC12827525C}.Release|Any CPU.Build.0 = Release|Any CPU
	EndGlobalSection
	GlobalSection(SolutionProperties) = preSolution
		HideSolutionNode = FALSE
	EndGlobalSection
	GlobalSection(ExtensibilityGlobals) = postSolution
		SolutionGuid = {A91ED7CC-0F75-4032-B26F-8CE3BCC9BF73}
	EndGlobalSection
EndGlobal
